
Microsoft Visual Studio Solution File, Format Version 12.00
# Visual Studio 14
VisualStudioVersion = 14.0.25420.1
MinimumVisualStudioVersion = 10.0.40219.1
Project("{2150E333-8FDC-42A3-9474-1A3956D46DE8}") = "src", "src", "{280C72A9-4C08-4D2D-AEBF-127E65F3093C}"
EndProject
Project("{2150E333-8FDC-42A3-9474-1A3956D46DE8}") = "Solution Items", "Solution Items", "{B3EBCE2D-E502-47C0-993F-8F3D09AD4F2A}"
	ProjectSection(SolutionItems) = preProject
		global.json = global.json
	EndProjectSection
EndProject
Project("{8BB2217D-0F2D-49D1-97BC-3654ED321F3B}") = "Simple.Data.Core", "src\Simple.Data.Core\Simple.Data.Core.xproj", "{7E5843F7-76AE-455E-BAF6-641AE5C13405}"
EndProject
Project("{2150E333-8FDC-42A3-9474-1A3956D46DE8}") = "test", "test", "{7849E152-7918-4C03-AC61-4E7CDB43B8F9}"
EndProject
Project("{8BB2217D-0F2D-49D1-97BC-3654ED321F3B}") = "Simple.Data.Core.Tests", "test\Simple.Data.Core.Tests\Simple.Data.Core.Tests.xproj", "{C71BA271-C332-4765-83A8-2E724AA146D1}"
EndProject
Project("{8BB2217D-0F2D-49D1-97BC-3654ED321F3B}") = "Simple.Data.Core.SqlServer", "src\Simple.Data.Core.SqlServer\Simple.Data.Core.SqlServer.xproj", "{049C24EA-3A9D-48B3-A4A6-30773B9B3405}"
EndProject
Project("{8BB2217D-0F2D-49D1-97BC-3654ED321F3B}") = "Simple.Data.Core.Sql", "src\Simple.Data.Core.Sql\Simple.Data.Core.Sql.xproj", "{2D928315-85E8-440A-9444-EF416AF896F6}"
EndProject
Project("{8BB2217D-0F2D-49D1-97BC-3654ED321F3B}") = "Simple.Data.Core.Sql.Tests", "test\Simple.Data.Core.Sql.Tests\Simple.Data.Core.Sql.Tests.xproj", "{220494F0-97DE-4BF9-A5CC-4731B6F023D9}"
EndProject
Project("{8BB2217D-0F2D-49D1-97BC-3654ED321F3B}") = "ConsoleSandbox", "src\ConsoleSandbox\ConsoleSandbox.xproj", "{DF3F44A1-5C92-42EB-BC15-D849CE004178}"
EndProject
Project("{8BB2217D-0F2D-49D1-97BC-3654ED321F3B}") = "Simple.Data.Core.SqlServer.Tests", "test\Simple.Data.Core.SqlServer.Tests\Simple.Data.Core.SqlServer.Tests.xproj", "{2648D0CA-9FCC-44A2-A309-6433EAEDF7BE}"
EndProject
Project("{8BB2217D-0F2D-49D1-97BC-3654ED321F3B}") = "Simple.Data.Core.Postgres", "src\Simple.Data.Core.Postgres\Simple.Data.Core.Postgres.xproj", "{12E6C6EB-3866-4C11-BD4D-78F5B983761C}"
EndProject
Project("{8BB2217D-0F2D-49D1-97BC-3654ED321F3B}") = "Simple.Data.Core.SqlServer.IntegrationTests", "test\Simple.Data.Core.SqlServer.IntegrationTests\Simple.Data.Core.SqlServer.IntegrationTests.xproj", "{B5C1BEDF-D0AC-4226-BC92-6E42EF49F852}"
EndProject
Project("{8BB2217D-0F2D-49D1-97BC-3654ED321F3B}") = "Simple.Data.Core.Postgres.IntegrationTests", "test\Simple.Data.Core.Postgres.IntegrationTests\Simple.Data.Core.Postgres.IntegrationTests.xproj", "{249ED38E-A2DC-11E6-8258-0FBCC95E93AD}"
EndProject
Global
	GlobalSection(SolutionConfigurationPlatforms) = preSolution
		Debug|Any CPU = Debug|Any CPU
		Release|Any CPU = Release|Any CPU
	EndGlobalSection
	GlobalSection(ProjectConfigurationPlatforms) = postSolution
		{7E5843F7-76AE-455E-BAF6-641AE5C13405}.Debug|Any CPU.ActiveCfg = Debug|Any CPU
		{7E5843F7-76AE-455E-BAF6-641AE5C13405}.Debug|Any CPU.Build.0 = Debug|Any CPU
		{7E5843F7-76AE-455E-BAF6-641AE5C13405}.Release|Any CPU.ActiveCfg = Release|Any CPU
		{7E5843F7-76AE-455E-BAF6-641AE5C13405}.Release|Any CPU.Build.0 = Release|Any CPU
		{C71BA271-C332-4765-83A8-2E724AA146D1}.Debug|Any CPU.ActiveCfg = Debug|Any CPU
		{C71BA271-C332-4765-83A8-2E724AA146D1}.Debug|Any CPU.Build.0 = Debug|Any CPU
		{C71BA271-C332-4765-83A8-2E724AA146D1}.Release|Any CPU.ActiveCfg = Release|Any CPU
		{C71BA271-C332-4765-83A8-2E724AA146D1}.Release|Any CPU.Build.0 = Release|Any CPU
		{049C24EA-3A9D-48B3-A4A6-30773B9B3405}.Debug|Any CPU.ActiveCfg = Debug|Any CPU
		{049C24EA-3A9D-48B3-A4A6-30773B9B3405}.Debug|Any CPU.Build.0 = Debug|Any CPU
		{049C24EA-3A9D-48B3-A4A6-30773B9B3405}.Release|Any CPU.ActiveCfg = Release|Any CPU
		{049C24EA-3A9D-48B3-A4A6-30773B9B3405}.Release|Any CPU.Build.0 = Release|Any CPU
		{2D928315-85E8-440A-9444-EF416AF896F6}.Debug|Any CPU.ActiveCfg = Debug|Any CPU
		{2D928315-85E8-440A-9444-EF416AF896F6}.Debug|Any CPU.Build.0 = Debug|Any CPU
		{2D928315-85E8-440A-9444-EF416AF896F6}.Release|Any CPU.ActiveCfg = Release|Any CPU
		{2D928315-85E8-440A-9444-EF416AF896F6}.Release|Any CPU.Build.0 = Release|Any CPU
		{220494F0-97DE-4BF9-A5CC-4731B6F023D9}.Debug|Any CPU.ActiveCfg = Debug|Any CPU
		{220494F0-97DE-4BF9-A5CC-4731B6F023D9}.Debug|Any CPU.Build.0 = Debug|Any CPU
		{220494F0-97DE-4BF9-A5CC-4731B6F023D9}.Release|Any CPU.ActiveCfg = Release|Any CPU
		{220494F0-97DE-4BF9-A5CC-4731B6F023D9}.Release|Any CPU.Build.0 = Release|Any CPU
		{DF3F44A1-5C92-42EB-BC15-D849CE004178}.Debug|Any CPU.ActiveCfg = Debug|Any CPU
		{DF3F44A1-5C92-42EB-BC15-D849CE004178}.Debug|Any CPU.Build.0 = Debug|Any CPU
		{DF3F44A1-5C92-42EB-BC15-D849CE004178}.Release|Any CPU.ActiveCfg = Release|Any CPU
		{DF3F44A1-5C92-42EB-BC15-D849CE004178}.Release|Any CPU.Build.0 = Release|Any CPU
		{2648D0CA-9FCC-44A2-A309-6433EAEDF7BE}.Debug|Any CPU.ActiveCfg = Debug|Any CPU
		{2648D0CA-9FCC-44A2-A309-6433EAEDF7BE}.Debug|Any CPU.Build.0 = Debug|Any CPU
		{2648D0CA-9FCC-44A2-A309-6433EAEDF7BE}.Release|Any CPU.ActiveCfg = Release|Any CPU
		{2648D0CA-9FCC-44A2-A309-6433EAEDF7BE}.Release|Any CPU.Build.0 = Release|Any CPU
		{12E6C6EB-3866-4C11-BD4D-78F5B983761C}.Debug|Any CPU.ActiveCfg = Debug|Any CPU
		{12E6C6EB-3866-4C11-BD4D-78F5B983761C}.Debug|Any CPU.Build.0 = Debug|Any CPU
		{12E6C6EB-3866-4C11-BD4D-78F5B983761C}.Release|Any CPU.ActiveCfg = Release|Any CPU
		{12E6C6EB-3866-4C11-BD4D-78F5B983761C}.Release|Any CPU.Build.0 = Release|Any CPU
		{B5C1BEDF-D0AC-4226-BC92-6E42EF49F852}.Debug|Any CPU.ActiveCfg = Debug|Any CPU
		{B5C1BEDF-D0AC-4226-BC92-6E42EF49F852}.Debug|Any CPU.Build.0 = Debug|Any CPU
		{B5C1BEDF-D0AC-4226-BC92-6E42EF49F852}.Release|Any CPU.ActiveCfg = Release|Any CPU
		{B5C1BEDF-D0AC-4226-BC92-6E42EF49F852}.Release|Any CPU.Build.0 = Release|Any CPU
	EndGlobalSection
	GlobalSection(SolutionProperties) = preSolution
		HideSolutionNode = FALSE
	EndGlobalSection
	GlobalSection(NestedProjects) = preSolution
		{7E5843F7-76AE-455E-BAF6-641AE5C13405} = {280C72A9-4C08-4D2D-AEBF-127E65F3093C}
		{C71BA271-C332-4765-83A8-2E724AA146D1} = {7849E152-7918-4C03-AC61-4E7CDB43B8F9}
		{049C24EA-3A9D-48B3-A4A6-30773B9B3405} = {280C72A9-4C08-4D2D-AEBF-127E65F3093C}
		{2D928315-85E8-440A-9444-EF416AF896F6} = {280C72A9-4C08-4D2D-AEBF-127E65F3093C}
		{220494F0-97DE-4BF9-A5CC-4731B6F023D9} = {7849E152-7918-4C03-AC61-4E7CDB43B8F9}
		{DF3F44A1-5C92-42EB-BC15-D849CE004178} = {280C72A9-4C08-4D2D-AEBF-127E65F3093C}
		{2648D0CA-9FCC-44A2-A309-6433EAEDF7BE} = {7849E152-7918-4C03-AC61-4E7CDB43B8F9}
		{12E6C6EB-3866-4C11-BD4D-78F5B983761C} = {280C72A9-4C08-4D2D-AEBF-127E65F3093C}
		{B5C1BEDF-D0AC-4226-BC92-6E42EF49F852} = {7849E152-7918-4C03-AC61-4E7CDB43B8F9}
		{249ED38E-A2DC-11E6-8258-0FBCC95E93AD} = {7849E152-7918-4C03-AC61-4E7CDB43B8F9}
	EndGlobalSection
EndGlobal
